
Microsoft Visual Studio Solution File, Format Version 12.00
# Visual Studio Version 16
VisualStudioVersion = 16.0.29025.244
MinimumVisualStudioVersion = 10.0.40219.1
Project("{F184B08F-C81C-45F6-A57F-5ABD9991F28F}") = "Bloc de notas", "Bloc de notas\Bloc de notas.vbproj", "{96AFA550-B617-4E24-9E5D-6C662AA7BEBF}"
EndProject
Global
	GlobalSection(SolutionConfigurationPlatforms) = preSolution
		Debug|Any CPU = Debug|Any CPU
		Release|Any CPU = Release|Any CPU
	EndGlobalSection
	GlobalSection(ProjectConfigurationPlatforms) = postSolution
		{96AFA550-B617-4E24-9E5D-6C662AA7BEBF}.Debug|Any CPU.ActiveCfg = Debug|Any CPU
		{96AFA550-B617-4E24-9E5D-6C662AA7BEBF}.Debug|Any CPU.Build.0 = Debug|Any CPU
		{96AFA550-B617-4E24-9E5D-6C662AA7BEBF}.Release|Any CPU.ActiveCfg = Release|Any CPU
		{96AFA550-B617-4E24-9E5D-6C662AA7BEBF}.Release|Any CPU.Build.0 = Release|Any CPU
	EndGlobalSection
	GlobalSection(SolutionProperties) = preSolution
		HideSolutionNode = FALSE
	EndGlobalSection
	GlobalSection(ExtensibilityGlobals) = postSolution
		SolutionGuid = {0BD0ADE7-0C72-4FA8-A045-C52567E78D98}
	EndGlobalSection
EndGlobal
